
Microsoft Visual Studio Solution File, Format Version 12.00
# Visual Studio Version 17
VisualStudioVersion = 17.8.34330.188
MinimumVisualStudioVersion = 10.0.40219.1
Project("{FAE04EC0-301F-11D3-BF4B-00C04F79EFBC}") = "ExampleDDD.Api", "ExampleDDD.Api\ExampleDDD.Api.csproj", "{773C4567-5349-4017-AA71-783D997AD69C}"
EndProject
Project("{FAE04EC0-301F-11D3-BF4B-00C04F79EFBC}") = "ExampleDDD.Application", "ExampleDDD.Application\ExampleDDD.Application.csproj", "{D693772E-F17A-440C-9C20-3126DF946B07}"
EndProject
Project("{FAE04EC0-301F-11D3-BF4B-00C04F79EFBC}") = "ExampleDDD.Contracts", "ExampleDDD.Contracts\ExampleDDD.Contracts.csproj", "{D224B338-9281-47CC-B933-999ECBC4EF4B}"
EndProject
Project("{FAE04EC0-301F-11D3-BF4B-00C04F79EFBC}") = "ExampleDDD.Domain", "ExampleDDD.Domain\ExampleDDD.Domain.csproj", "{CE56CF53-2136-4822-A4A1-E845F5346BEA}"
EndProject
Project("{FAE04EC0-301F-11D3-BF4B-00C04F79EFBC}") = "ExampleDDD.Infrastructure", "ExampleDDD.Infrastructure\ExampleDDD.Infrastructure.csproj", "{F7E32858-FA13-471A-9C61-81CF606BE1F0}"
EndProject
Global
	GlobalSection(SolutionConfigurationPlatforms) = preSolution
		Debug|Any CPU = Debug|Any CPU
		Release|Any CPU = Release|Any CPU
	EndGlobalSection
	GlobalSection(ProjectConfigurationPlatforms) = postSolution
		{773C4567-5349-4017-AA71-783D997AD69C}.Debug|Any CPU.ActiveCfg = Debug|Any CPU
		{773C4567-5349-4017-AA71-783D997AD69C}.Debug|Any CPU.Build.0 = Debug|Any CPU
		{773C4567-5349-4017-AA71-783D997AD69C}.Release|Any CPU.ActiveCfg = Release|Any CPU
		{773C4567-5349-4017-AA71-783D997AD69C}.Release|Any CPU.Build.0 = Release|Any CPU
		{D693772E-F17A-440C-9C20-3126DF946B07}.Debug|Any CPU.ActiveCfg = Debug|Any CPU
		{D693772E-F17A-440C-9C20-3126DF946B07}.Debug|Any CPU.Build.0 = Debug|Any CPU
		{D693772E-F17A-440C-9C20-3126DF946B07}.Release|Any CPU.ActiveCfg = Release|Any CPU
		{D693772E-F17A-440C-9C20-3126DF946B07}.Release|Any CPU.Build.0 = Release|Any CPU
		{D224B338-9281-47CC-B933-999ECBC4EF4B}.Debug|Any CPU.ActiveCfg = Debug|Any CPU
		{D224B338-9281-47CC-B933-999ECBC4EF4B}.Debug|Any CPU.Build.0 = Debug|Any CPU
		{D224B338-9281-47CC-B933-999ECBC4EF4B}.Release|Any CPU.ActiveCfg = Release|Any CPU
		{D224B338-9281-47CC-B933-999ECBC4EF4B}.Release|Any CPU.Build.0 = Release|Any CPU
		{CE56CF53-2136-4822-A4A1-E845F5346BEA}.Debug|Any CPU.ActiveCfg = Debug|Any CPU
		{CE56CF53-2136-4822-A4A1-E845F5346BEA}.Debug|Any CPU.Build.0 = Debug|Any CPU
		{CE56CF53-2136-4822-A4A1-E845F5346BEA}.Release|Any CPU.ActiveCfg = Release|Any CPU
		{CE56CF53-2136-4822-A4A1-E845F5346BEA}.Release|Any CPU.Build.0 = Release|Any CPU
		{F7E32858-FA13-471A-9C61-81CF606BE1F0}.Debug|Any CPU.ActiveCfg = Debug|Any CPU
		{F7E32858-FA13-471A-9C61-81CF606BE1F0}.Debug|Any CPU.Build.0 = Debug|Any CPU
		{F7E32858-FA13-471A-9C61-81CF606BE1F0}.Release|Any CPU.ActiveCfg = Release|Any CPU
		{F7E32858-FA13-471A-9C61-81CF606BE1F0}.Release|Any CPU.Build.0 = Release|Any CPU
	EndGlobalSection
	GlobalSection(SolutionProperties) = preSolution
		HideSolutionNode = FALSE
	EndGlobalSection
	GlobalSection(ExtensibilityGlobals) = postSolution
		SolutionGuid = {1F66F369-CD2A-45AF-A226-BA1AE58D9966}
	EndGlobalSection
EndGlobal
